Microsoft Visual Studio Solution File, Format Version 12.00
# Visual Studio Version 17
VisualStudioVersion = 17.5.2.0
MinimumVisualStudioVersion = 10.0.40219.1
Project("{FAE04EC0-301F-11D3-BF4B-00C04F79EFBC}") = "MacCalib_1", "MacCalib_1.csproj", "{F49F2065-69FB-5D81-8231-7B8B9EF7FB99}"
EndProject
Global
	GlobalSection(SolutionConfigurationPlatforms) = preSolution
		Debug|Any CPU = Debug|Any CPU
		Release|Any CPU = Release|Any CPU
	EndGlobalSection
	GlobalSection(ProjectConfigurationPlatforms) = postSolution
		{F49F2065-69FB-5D81-8231-7B8B9EF7FB99}.Debug|Any CPU.ActiveCfg = Debug|Any CPU
		{F49F2065-69FB-5D81-8231-7B8B9EF7FB99}.Debug|Any CPU.Build.0 = Debug|Any CPU
		{F49F2065-69FB-5D81-8231-7B8B9EF7FB99}.Release|Any CPU.ActiveCfg = Release|Any CPU
		{F49F2065-69FB-5D81-8231-7B8B9EF7FB99}.Release|Any CPU.Build.0 = Release|Any CPU
	EndGlobalSection
	GlobalSection(SolutionProperties) = preSolution
		HideSolutionNode = FALSE
	EndGlobalSection
	GlobalSection(ExtensibilityGlobals) = postSolution
		SolutionGuid = {FDAF5CB5-C8BC-40D6-A1FF-A7949EDFB539}
	EndGlobalSection
EndGlobal
